
Microsoft Visual Studio Solution File, Format Version 12.00
# Visual Studio 15
VisualStudioVersion = 15.0.28307.1231
MinimumVisualStudioVersion = 10.0.40219.1
Project("{FAE04EC0-301F-11D3-BF4B-00C04F79EFBC}") = "IMOWA", "DIMOWA\IMOWA.csproj", "{D76AA204-1265-4785-A4AE-0EA9CAAFA1EE}"
EndProject
Project("{FAE04EC0-301F-11D3-BF4B-00C04F79EFBC}") = "HarmonyDnet2Fixes", "HarmonyDnet2Fixes\HarmonyDnet2Fixes.csproj", "{E597D115-5348-44B2-A654-B29729394436}"
EndProject
Project("{FAE04EC0-301F-11D3-BF4B-00C04F79EFBC}") = "IMOWAAnotations", "IMOWAAnotations\IMOWAAnotations.csproj", "{8034C813-8D42-464F-8F65-11D8F8C8C37B}"
EndProject
Global
	GlobalSection(SolutionConfigurationPlatforms) = preSolution
		Debug|Any CPU = Debug|Any CPU
		Release|Any CPU = Release|Any CPU
	EndGlobalSection
	GlobalSection(ProjectConfigurationPlatforms) = postSolution
		{D76AA204-1265-4785-A4AE-0EA9CAAFA1EE}.Debug|Any CPU.ActiveCfg = Debug|Any CPU
		{D76AA204-1265-4785-A4AE-0EA9CAAFA1EE}.Debug|Any CPU.Build.0 = Debug|Any CPU
		{D76AA204-1265-4785-A4AE-0EA9CAAFA1EE}.Release|Any CPU.ActiveCfg = Release|Any CPU
		{D76AA204-1265-4785-A4AE-0EA9CAAFA1EE}.Release|Any CPU.Build.0 = Release|Any CPU
		{E597D115-5348-44B2-A654-B29729394436}.Debug|Any CPU.ActiveCfg = Debug|Any CPU
		{E597D115-5348-44B2-A654-B29729394436}.Debug|Any CPU.Build.0 = Debug|Any CPU
		{E597D115-5348-44B2-A654-B29729394436}.Release|Any CPU.ActiveCfg = Release|Any CPU
		{E597D115-5348-44B2-A654-B29729394436}.Release|Any CPU.Build.0 = Release|Any CPU
		{8034C813-8D42-464F-8F65-11D8F8C8C37B}.Debug|Any CPU.ActiveCfg = Debug|Any CPU
		{8034C813-8D42-464F-8F65-11D8F8C8C37B}.Debug|Any CPU.Build.0 = Debug|Any CPU
		{8034C813-8D42-464F-8F65-11D8F8C8C37B}.Release|Any CPU.ActiveCfg = Release|Any CPU
		{8034C813-8D42-464F-8F65-11D8F8C8C37B}.Release|Any CPU.Build.0 = Release|Any CPU
	EndGlobalSection
	GlobalSection(SolutionProperties) = preSolution
		HideSolutionNode = FALSE
	EndGlobalSection
	GlobalSection(ExtensibilityGlobals) = postSolution
		SolutionGuid = {D2341919-A3EB-4D96-AAB3-66ABE889E00B}
	EndGlobalSection
EndGlobal
