
Microsoft Visual Studio Solution File, Format Version 12.00
# Visual Studio 15
VisualStudioVersion = 15.0.28307.1231
MinimumVisualStudioVersion = 10.0.40219.1
Project("{FAE04EC0-301F-11D3-BF4B-00C04F79EFBC}") = "IMOWA", "DIMOWA\IMOWA.csproj", "{D76AA204-1265-4785-A4AE-0EA9CAAFA1EE}"
EndProject
Project("{FAE04EC0-301F-11D3-BF4B-00C04F79EFBC}") = "HarmonyDnet2Fixes", "HarmonyDnet2Fixes\HarmonyDnet2Fixes.csproj", "{E597D115-5348-44B2-A654-B29729394436}"
EndProject
Project("{2150E333-8FDC-42A3-9474-1A3956D46DE8}") = "dot net 2 stuff", "dot net 2 stuff", "{D8076CF6-7777-4580-AA33-1CF85196EC6F}"
EndProject
Project("{FAE04EC0-301F-11D3-BF4B-00C04F79EFBC}") = "CAMOWA", "CAMOWA\CAMOWA.csproj", "{8034C813-8D42-464F-8F65-11D8F8C8C37B}"
EndProject
Project("{FAE04EC0-301F-11D3-BF4B-00C04F79EFBC}") = "DIMOWAModLoader", "DIMOWAModLoader\DIMOWAModLoader.csproj", "{03331141-F650-448C-A0D8-107D04D5CEBF}"
EndProject
Project("{FAE04EC0-301F-11D3-BF4B-00C04F79EFBC}") = "DIMOWA Installer and Unistaller", "DIMOWA Installer and Unistaller\DIMOWA Installer and Unistaller.csproj", "{250B2A39-5EDC-4483-8227-D6FCF8476C0E}"
EndProject
Project("{FAE04EC0-301F-11D3-BF4B-00C04F79EFBC}") = "ModDebugger", "ModDebugger\ModDebugger.csproj", "{39E9CA9C-DF50-4CF4-89C7-D093334A17FC}"
EndProject
Project("{FAE04EC0-301F-11D3-BF4B-00C04F79EFBC}") = "DebugPacketIO", "DebugPacketIO\DebugPacketIO.csproj", "{BFD52411-7FB0-4498-8BED-FDAC31BD0694}"
EndProject
Project("{2150E333-8FDC-42A3-9474-1A3956D46DE8}") = "Debugging_and_SOckets", "Debugging_and_SOckets", "{6A34FC63-3B73-4716-96DF-9ED0F61FBBBB}"
EndProject
Global
	GlobalSection(SolutionConfigurationPlatforms) = preSolution
		Debug|Any CPU = Debug|Any CPU
		Release|Any CPU = Release|Any CPU
	EndGlobalSection
	GlobalSection(ProjectConfigurationPlatforms) = postSolution
		{D76AA204-1265-4785-A4AE-0EA9CAAFA1EE}.Debug|Any CPU.ActiveCfg = Debug|Any CPU
		{D76AA204-1265-4785-A4AE-0EA9CAAFA1EE}.Debug|Any CPU.Build.0 = Debug|Any CPU
		{D76AA204-1265-4785-A4AE-0EA9CAAFA1EE}.Release|Any CPU.ActiveCfg = Release|Any CPU
		{D76AA204-1265-4785-A4AE-0EA9CAAFA1EE}.Release|Any CPU.Build.0 = Release|Any CPU
		{E597D115-5348-44B2-A654-B29729394436}.Debug|Any CPU.ActiveCfg = Debug|Any CPU
		{E597D115-5348-44B2-A654-B29729394436}.Debug|Any CPU.Build.0 = Debug|Any CPU
		{E597D115-5348-44B2-A654-B29729394436}.Release|Any CPU.ActiveCfg = Release|Any CPU
		{E597D115-5348-44B2-A654-B29729394436}.Release|Any CPU.Build.0 = Release|Any CPU
		{8034C813-8D42-464F-8F65-11D8F8C8C37B}.Debug|Any CPU.ActiveCfg = Debug|Any CPU
		{8034C813-8D42-464F-8F65-11D8F8C8C37B}.Debug|Any CPU.Build.0 = Debug|Any CPU
		{8034C813-8D42-464F-8F65-11D8F8C8C37B}.Release|Any CPU.ActiveCfg = Release|Any CPU
		{8034C813-8D42-464F-8F65-11D8F8C8C37B}.Release|Any CPU.Build.0 = Release|Any CPU
		{03331141-F650-448C-A0D8-107D04D5CEBF}.Debug|Any CPU.ActiveCfg = Debug|Any CPU
		{03331141-F650-448C-A0D8-107D04D5CEBF}.Debug|Any CPU.Build.0 = Debug|Any CPU
		{03331141-F650-448C-A0D8-107D04D5CEBF}.Release|Any CPU.ActiveCfg = Release|Any CPU
		{03331141-F650-448C-A0D8-107D04D5CEBF}.Release|Any CPU.Build.0 = Release|Any CPU
		{250B2A39-5EDC-4483-8227-D6FCF8476C0E}.Debug|Any CPU.ActiveCfg = Debug|Any CPU
		{250B2A39-5EDC-4483-8227-D6FCF8476C0E}.Debug|Any CPU.Build.0 = Debug|Any CPU
		{250B2A39-5EDC-4483-8227-D6FCF8476C0E}.Release|Any CPU.ActiveCfg = Release|Any CPU
		{250B2A39-5EDC-4483-8227-D6FCF8476C0E}.Release|Any CPU.Build.0 = Release|Any CPU
		{39E9CA9C-DF50-4CF4-89C7-D093334A17FC}.Debug|Any CPU.ActiveCfg = Debug|Any CPU
		{39E9CA9C-DF50-4CF4-89C7-D093334A17FC}.Debug|Any CPU.Build.0 = Debug|Any CPU
		{39E9CA9C-DF50-4CF4-89C7-D093334A17FC}.Release|Any CPU.ActiveCfg = Release|Any CPU
		{39E9CA9C-DF50-4CF4-89C7-D093334A17FC}.Release|Any CPU.Build.0 = Release|Any CPU
		{BFD52411-7FB0-4498-8BED-FDAC31BD0694}.Debug|Any CPU.ActiveCfg = Debug|Any CPU
		{BFD52411-7FB0-4498-8BED-FDAC31BD0694}.Debug|Any CPU.Build.0 = Debug|Any CPU
		{BFD52411-7FB0-4498-8BED-FDAC31BD0694}.Release|Any CPU.ActiveCfg = Release|Any CPU
		{BFD52411-7FB0-4498-8BED-FDAC31BD0694}.Release|Any CPU.Build.0 = Release|Any CPU
	EndGlobalSection
	GlobalSection(SolutionProperties) = preSolution
		HideSolutionNode = FALSE
	EndGlobalSection
	GlobalSection(NestedProjects) = preSolution
		{E597D115-5348-44B2-A654-B29729394436} = {D8076CF6-7777-4580-AA33-1CF85196EC6F}
		{8034C813-8D42-464F-8F65-11D8F8C8C37B} = {D8076CF6-7777-4580-AA33-1CF85196EC6F}
		{03331141-F650-448C-A0D8-107D04D5CEBF} = {D8076CF6-7777-4580-AA33-1CF85196EC6F}
		{39E9CA9C-DF50-4CF4-89C7-D093334A17FC} = {6A34FC63-3B73-4716-96DF-9ED0F61FBBBB}
		{BFD52411-7FB0-4498-8BED-FDAC31BD0694} = {6A34FC63-3B73-4716-96DF-9ED0F61FBBBB}
		{6A34FC63-3B73-4716-96DF-9ED0F61FBBBB} = {D8076CF6-7777-4580-AA33-1CF85196EC6F}
	EndGlobalSection
	GlobalSection(ExtensibilityGlobals) = postSolution
		SolutionGuid = {D2341919-A3EB-4D96-AAB3-66ABE889E00B}
	EndGlobalSection
EndGlobal
